{
  "name": "pack-audio-bags",
  "version": "1.0.0",
  "lockfileVersion": 2,
  "requires": true,
  "packages": {
    "": {
      "name": "pack-audio-bags",
      "version": "1.0.0",
      "license": "ISC",
      "dependencies": {
        "ra2-audio-bag-editor": "github:iamapig120/ra2-audio-bag-editor"
      }
    },
    "node_modules/ra2-audio-bag-editor": {
      "version": "1.0.0",
      "resolved": "git+ssh://git@github.com/iamapig120/ra2-audio-bag-editor.git#bbecc6ef7d61042dbe97b69ae284ff0e389e02d1",
      "license": "ISC",
      "dependencies": {
        "wavefile": "^11.0.0"
      }
    },
    "node_modules/wavefile": {
      "version": "11.0.0",
      "resolved": "https://registry.npmmirror.com/wavefile/-/wavefile-11.0.0.tgz",
      "integrity": "sha512-/OBiAALgWU24IG7sC84cDO/KfFuvajWc5Uec0oV2zrpOOZZDgGdOwHwgEzOrwh8jkubBk7PtZfQBIcI1OaE5Ng==",
      "bin": {
        "wavefile": "bin/wavefile.js"
      },
      "engines": {
        "node": ">=8"
      }
    }
  },
  "dependencies": {
    "ra2-audio-bag-editor": {
      "version": "git+ssh://git@github.com/iamapig120/ra2-audio-bag-editor.git#bbecc6ef7d61042dbe97b69ae284ff0e389e02d1",
      "from": "ra2-audio-bag-editor@https://github.com/iamapig120/ra2-audio-bag-editor.git",
      "requires": {
        "wavefile": "^11.0.0"
      }
    },
    "wavefile": {
      "version": "11.0.0",
      "resolved": "https://registry.npmmirror.com/wavefile/-/wavefile-11.0.0.tgz",
      "integrity": "sha512-/OBiAALgWU24IG7sC84cDO/KfFuvajWc5Uec0oV2zrpOOZZDgGdOwHwgEzOrwh8jkubBk7PtZfQBIcI1OaE5Ng=="
    }
  }
}
